// !$*UTF8*$!
{
	archiveVersion = 1;
	classes = {
	};
	objectVersion = 46;
	objects = {

/* Begin PBXBuildFile section */
		726310921B4DB9FB00BDBB8F /* AppDelegate.swift in Sources */ = {isa = PBXBuildFile; fileRef = 726310911B4DB9FB00BDBB8F /* AppDelegate.swift */; };
		726310941B4DB9FB00BDBB8F /* ViewController.swift in Sources */ = {isa = PBXBuildFile; fileRef = 726310931B4DB9FB00BDBB8F /* ViewController.swift */; };
		726310971B4DB9FB00BDBB8F /* Main.storyboard in Resources */ = {isa = PBXBuildFile; fileRef = 726310951B4DB9FB00BDBB8F /* Main.storyboard */; };
		726310991B4DB9FB00BDBB8F /* Assets.xcassets in Resources */ = {isa = PBXBuildFile; fileRef = 726310981B4DB9FB00BDBB8F /* Assets.xcassets */; };
		7263109C1B4DB9FB00BDBB8F /* LaunchScreen.storyboard in Resources */ = {isa = PBXBuildFile; fileRef = 7263109A1B4DB9FB00BDBB8F /* LaunchScreen.storyboard */; };
		726310A71B4DB9FB00BDBB8F /* OpenMotionClassifierTests.swift in Sources */ = {isa = PBXBuildFile; fileRef = 726310A61B4DB9FB00BDBB8F /* OpenMotionClassifierTests.swift */; };
		726310B21B4DB9FB00BDBB8F /* OpenMotionClassifierUITests.swift in Sources */ = {isa = PBXBuildFile; fileRef = 726310B11B4DB9FB00BDBB8F /* OpenMotionClassifierUITests.swift */; };
		726310B71B4DB9FB00BDBB8F /* OpenMotionClassifier WatchKit App.app in Embed Watch Content */ = {isa = PBXBuildFile; fileRef = 726310B61B4DB9FB00BDBB8F /* OpenMotionClassifier WatchKit App.app */; };
		726310BD1B4DB9FB00BDBB8F /* Interface.storyboard in Resources */ = {isa = PBXBuildFile; fileRef = 726310BB1B4DB9FB00BDBB8F /* Interface.storyboard */; };
		726310BF1B4DB9FB00BDBB8F /* Assets.xcassets in Resources */ = {isa = PBXBuildFile; fileRef = 726310BE1B4DB9FB00BDBB8F /* Assets.xcassets */; };
		726310C61B4DB9FB00BDBB8F /* OpenMotionClassifier WatchKit Extension.appex in Embed App Extensions */ = {isa = PBXBuildFile; fileRef = 726310C51B4DB9FB00BDBB8F /* OpenMotionClassifier WatchKit Extension.appex */; settings = {ATTRIBUTES = (RemoveHeadersOnCopy, ); }; };
		726310CD1B4DB9FB00BDBB8F /* InterfaceController.swift in Sources */ = {isa = PBXBuildFile; fileRef = 726310CC1B4DB9FB00BDBB8F /* InterfaceController.swift */; };
		726310CF1B4DB9FB00BDBB8F /* ExtensionDelegate.swift in Sources */ = {isa = PBXBuildFile; fileRef = 726310CE1B4DB9FB00BDBB8F /* ExtensionDelegate.swift */; };
		726310D11B4DB9FB00BDBB8F /* NotificationController.swift in Sources */ = {isa = PBXBuildFile; fileRef = 726310D01B4DB9FB00BDBB8F /* NotificationController.swift */; };
		726310D31B4DB9FB00BDBB8F /* Assets.xcassets in Resources */ = {isa = PBXBuildFile; fileRef = 726310D21B4DB9FB00BDBB8F /* Assets.xcassets */; };
		726310E91B4DBA5400BDBB8F /* AccelerometerController.swift in Sources */ = {isa = PBXBuildFile; fileRef = 726310E81B4DBA5400BDBB8F /* AccelerometerController.swift */; };
		726310ED1B4DBADB00BDBB8F /* Torch.m in Sources */ = {isa = PBXBuildFile; fileRef = 726310EC1B4DBADB00BDBB8F /* Torch.m */; };
		726310EF1B4DBB0600BDBB8F /* Torch.framework in Frameworks */ = {isa = PBXBuildFile; fileRef = 726310EE1B4DBB0600BDBB8F /* Torch.framework */; };
		7298D3081B4DBDF1003E5D7E /* Accelerate.framework in Frameworks */ = {isa = PBXBuildFile; fileRef = 7298D3071B4DBDF1003E5D7E /* Accelerate.framework */; };
/* End PBXBuildFile section */

/* Begin PBXContainerItemProxy section */
		726310A31B4DB9FB00BDBB8F /* PBXContainerItemProxy */ = {
			isa = PBXContainerItemProxy;
			containerPortal = 726310861B4DB9FB00BDBB8F /* Project object */;
			proxyType = 1;
			remoteGlobalIDString = 7263108D1B4DB9FB00BDBB8F;
			remoteInfo = OpenMotionClassifier;
		};
		726310AE1B4DB9FB00BDBB8F /* PBXContainerItemProxy */ = {
			isa = PBXContainerItemProxy;
			containerPortal = 726310861B4DB9FB00BDBB8F /* Project object */;
			proxyType = 1;
			remoteGlobalIDString = 7263108D1B4DB9FB00BDBB8F;
			remoteInfo = OpenMotionClassifier;
		};
		726310B81B4DB9FB00BDBB8F /* PBXContainerItemProxy */ = {
			isa = PBXContainerItemProxy;
			containerPortal = 726310861B4DB9FB00BDBB8F /* Project object */;
			proxyType = 1;
			remoteGlobalIDString = 726310B51B4DB9FB00BDBB8F;
			remoteInfo = "OpenMotionClassifier WatchKit App";
		};
		726310C71B4DB9FB00BDBB8F /* PBXContainerItemProxy */ = {
			isa = PBXContainerItemProxy;
			containerPortal = 726310861B4DB9FB00BDBB8F /* Project object */;
			proxyType = 1;
			remoteGlobalIDString = 726310C41B4DB9FB00BDBB8F;
			remoteInfo = "OpenMotionClassifier WatchKit Extension";
		};
/* End PBXContainerItemProxy section */

/* Begin PBXCopyFilesBuildPhase section */
		726310DA1B4DB9FB00BDBB8F /* Embed App Extensions */ = {
			isa = PBXCopyFilesBuildPhase;
			buildActionMask = 2147483647;
			dstPath = "";
			dstSubfolderSpec = 13;
			files = (
				726310C61B4DB9FB00BDBB8F /* OpenMotionClassifier WatchKit Extension.appex in Embed App Extensions */,
			);
			name = "Embed App Extensions";
			runOnlyForDeploymentPostprocessing = 0;
		};
		726310DE1B4DB9FB00BDBB8F /* Embed Watch Content */ = {
			isa = PBXCopyFilesBuildPhase;
			buildActionMask = 2147483647;
			dstPath = "$(CONTENTS_FOLDER_PATH)/Watch";
			dstSubfolderSpec = 16;
			files = (
				726310B71B4DB9FB00BDBB8F /* OpenMotionClassifier WatchKit App.app in Embed Watch Content */,
			);
			name = "Embed Watch Content";
			runOnlyForDeploymentPostprocessing = 0;
		};
/* End PBXCopyFilesBuildPhase section */

/* Begin PBXFileReference section */
		7263108E1B4DB9FB00BDBB8F /* OpenMotionClassifier.app */ = {isa = PBXFileReference; explicitFileType = wrapper.application; includeInIndex = 0; path = OpenMotionClassifier.app; sourceTree = BUILT_PRODUCTS_DIR; };
		726310911B4DB9FB00BDBB8F /* AppDelegate.swift */ = {isa = PBXFileReference; lastKnownFileType = sourcecode.swift; path = AppDelegate.swift; sourceTree = "<group>"; };
		726310931B4DB9FB00BDBB8F /* ViewController.swift */ = {isa = PBXFileReference; lastKnownFileType = sourcecode.swift; path = ViewController.swift; sourceTree = "<group>"; };
		726310961B4DB9FB00BDBB8F /* Base */ = {isa = PBXFileReference; lastKnownFileType = file.storyboard; name = Base; path = Base.lproj/Main.storyboard; sourceTree = "<group>"; };
		726310981B4DB9FB00BDBB8F /* Assets.xcassets */ = {isa = PBXFileReference; lastKnownFileType = folder.assetcatalog; path = Assets.xcassets; sourceTree = "<group>"; };
		7263109B1B4DB9FB00BDBB8F /* Base */ = {isa = PBXFileReference; lastKnownFileType = file.storyboard; name = Base; path = Base.lproj/LaunchScreen.storyboard; sourceTree = "<group>"; };
		7263109D1B4DB9FB00BDBB8F /* Info.plist */ = {isa = PBXFileReference; lastKnownFileType = text.plist.xml; path = Info.plist; sourceTree = "<group>"; };
		726310A21B4DB9FB00BDBB8F /* OpenMotionClassifierTests.xctest */ = {isa = PBXFileReference; explicitFileType = wrapper.cfbundle; includeInIndex = 0; path = OpenMotionClassifierTests.xctest; sourceTree = BUILT_PRODUCTS_DIR; };
		726310A61B4DB9FB00BDBB8F /* OpenMotionClassifierTests.swift */ = {isa = PBXFileReference; lastKnownFileType = sourcecode.swift; path = OpenMotionClassifierTests.swift; sourceTree = "<group>"; };
		726310A81B4DB9FB00BDBB8F /* Info.plist */ = {isa = PBXFileReference; lastKnownFileType = text.plist.xml; path = Info.plist; sourceTree = "<group>"; };
		726310AD1B4DB9FB00BDBB8F /* OpenMotionClassifierUITests.xctest */ = {isa = PBXFileReference; explicitFileType = wrapper.cfbundle; includeInIndex = 0; path = OpenMotionClassifierUITests.xctest; sourceTree = BUILT_PRODUCTS_DIR; };
		726310B11B4DB9FB00BDBB8F /* OpenMotionClassifierUITests.swift */ = {isa = PBXFileReference; lastKnownFileType = sourcecode.swift; path = OpenMotionClassifierUITests.swift; sourceTree = "<group>"; };
		726310B31B4DB9FB00BDBB8F /* Info.plist */ = {isa = PBXFileReference; lastKnownFileType = text.plist.xml; path = Info.plist; sourceTree = "<group>"; };
		726310B61B4DB9FB00BDBB8F /* OpenMotionClassifier WatchKit App.app */ = {isa = PBXFileReference; explicitFileType = wrapper.application; includeInIndex = 0; path = "OpenMotionClassifier WatchKit App.app"; sourceTree = BUILT_PRODUCTS_DIR; };
		726310BC1B4DB9FB00BDBB8F /* Base */ = {isa = PBXFileReference; lastKnownFileType = file.storyboard; name = Base; path = Base.lproj/Interface.storyboard; sourceTree = "<group>"; };
		726310BE1B4DB9FB00BDBB8F /* Assets.xcassets */ = {isa = PBXFileReference; lastKnownFileType = folder.assetcatalog; path = Assets.xcassets; sourceTree = "<group>"; };
		726310C01B4DB9FB00BDBB8F /* Info.plist */ = {isa = PBXFileReference; lastKnownFileType = text.plist.xml; path = Info.plist; sourceTree = "<group>"; };
		726310C51B4DB9FB00BDBB8F /* OpenMotionClassifier WatchKit Extension.appex */ = {isa = PBXFileReference; explicitFileType = "wrapper.app-extension"; includeInIndex = 0; path = "OpenMotionClassifier WatchKit Extension.appex"; sourceTree = BUILT_PRODUCTS_DIR; };
		726310CB1B4DB9FB00BDBB8F /* PushNotificationPayload.apns */ = {isa = PBXFileReference; lastKnownFileType = text; path = PushNotificationPayload.apns; sourceTree = "<group>"; };
		726310CC1B4DB9FB00BDBB8F /* InterfaceController.swift */ = {isa = PBXFileReference; lastKnownFileType = sourcecode.swift; path = InterfaceController.swift; sourceTree = "<group>"; };
		726310CE1B4DB9FB00BDBB8F /* ExtensionDelegate.swift */ = {isa = PBXFileReference; lastKnownFileType = sourcecode.swift; path = ExtensionDelegate.swift; sourceTree = "<group>"; };
		726310D01B4DB9FB00BDBB8F /* NotificationController.swift */ = {isa = PBXFileReference; lastKnownFileType = sourcecode.swift; path = NotificationController.swift; sourceTree = "<group>"; };
		726310D21B4DB9FB00BDBB8F /* Assets.xcassets */ = {isa = PBXFileReference; lastKnownFileType = folder.assetcatalog; path = Assets.xcassets; sourceTree = "<group>"; };
		726310D41B4DB9FB00BDBB8F /* Info.plist */ = {isa = PBXFileReference; lastKnownFileType = text.plist.xml; path = Info.plist; sourceTree = "<group>"; };
		726310E81B4DBA5400BDBB8F /* AccelerometerController.swift */ = {isa = PBXFileReference; fileEncoding = 4; lastKnownFileType = sourcecode.swift; path = AccelerometerController.swift; sourceTree = "<group>"; };
		726310EA1B4DBADA00BDBB8F /* OpenMotionClassifier-Bridging-Header.h */ = {isa = PBXFileReference; lastKnownFileType = sourcecode.c.h; path = "OpenMotionClassifier-Bridging-Header.h"; sourceTree = "<group>"; };
		726310EB1B4DBADB00BDBB8F /* Torch.h */ = {isa = PBXFileReference; fileEncoding = 4; lastKnownFileType = sourcecode.c.h; path = Torch.h; sourceTree = "<group>"; };
		726310EC1B4DBADB00BDBB8F /* Torch.m */ = {isa = PBXFileReference; fileEncoding = 4; lastKnownFileType = sourcecode.c.objc; path = Torch.m; sourceTree = "<group>"; };
		726310EE1B4DBB0600BDBB8F /* Torch.framework */ = {isa = PBXFileReference; lastKnownFileType = wrapper.framework; path = Torch.framework; sourceTree = "<group>"; };
		7298D3071B4DBDF1003E5D7E /* Accelerate.framework */ = {isa = PBXFileReference; lastKnownFileType = wrapper.framework; name = Accelerate.framework; path = System/Library/Frameworks/Accelerate.framework; sourceTree = SDKROOT; };
/* End PBXFileReference section */

/* Begin PBXFrameworksBuildPhase section */
		7263108B1B4DB9FB00BDBB8F /* Frameworks */ = {
			isa = PBXFrameworksBuildPhase;
			buildActionMask = 2147483647;
			files = (
				7298D3081B4DBDF1003E5D7E /* Accelerate.framework in Frameworks */,
				726310EF1B4DBB0600BDBB8F /* Torch.framework in Frameworks */,
			);
			runOnlyForDeploymentPostprocessing = 0;
		};
		7263109F1B4DB9FB00BDBB8F /* Frameworks */ = {
			isa = PBXFrameworksBuildPhase;
			buildActionMask = 2147483647;
			files = (
			);
			runOnlyForDeploymentPostprocessing = 0;
		};
		726310AA1B4DB9FB00BDBB8F /* Frameworks */ = {
			isa = PBXFrameworksBuildPhase;
			buildActionMask = 2147483647;
			files = (
			);
			runOnlyForDeploymentPostprocessing = 0;
		};
		726310C21B4DB9FB00BDBB8F /* Frameworks */ = {
			isa = PBXFrameworksBuildPhase;
			buildActionMask = 2147483647;
			files = (
			);
			runOnlyForDeploymentPostprocessing = 0;
		};
/* End PBXFrameworksBuildPhase section */

/* Begin PBXGroup section */
		726310851B4DB9FB00BDBB8F = {
			isa = PBXGroup;
			children = (
				7298D3071B4DBDF1003E5D7E /* Accelerate.framework */,
				726310901B4DB9FB00BDBB8F /* OpenMotionClassifier */,
				726310A51B4DB9FB00BDBB8F /* OpenMotionClassifierTests */,
				726310B01B4DB9FB00BDBB8F /* OpenMotionClassifierUITests */,
				726310BA1B4DB9FB00BDBB8F /* OpenMotionClassifier WatchKit App */,
				726310C91B4DB9FB00BDBB8F /* OpenMotionClassifier WatchKit Extension */,
				7263108F1B4DB9FB00BDBB8F /* Products */,
			);
			sourceTree = "<group>";
		};
		7263108F1B4DB9FB00BDBB8F /* Products */ = {
			isa = PBXGroup;
			children = (
				7263108E1B4DB9FB00BDBB8F /* OpenMotionClassifier.app */,
				726310A21B4DB9FB00BDBB8F /* OpenMotionClassifierTests.xctest */,
				726310AD1B4DB9FB00BDBB8F /* OpenMotionClassifierUITests.xctest */,
				726310B61B4DB9FB00BDBB8F /* OpenMotionClassifier WatchKit App.app */,
				726310C51B4DB9FB00BDBB8F /* OpenMotionClassifier WatchKit Extension.appex */,
			);
			name = Products;
			sourceTree = "<group>";
		};
		726310901B4DB9FB00BDBB8F /* OpenMotionClassifier */ = {
			isa = PBXGroup;
			children = (
				726310EE1B4DBB0600BDBB8F /* Torch.framework */,
				726310EB1B4DBADB00BDBB8F /* Torch.h */,
				726310EC1B4DBADB00BDBB8F /* Torch.m */,
				726310911B4DB9FB00BDBB8F /* AppDelegate.swift */,
				726310931B4DB9FB00BDBB8F /* ViewController.swift */,
				726310951B4DB9FB00BDBB8F /* Main.storyboard */,
				726310981B4DB9FB00BDBB8F /* Assets.xcassets */,
				7263109A1B4DB9FB00BDBB8F /* LaunchScreen.storyboard */,
				7263109D1B4DB9FB00BDBB8F /* Info.plist */,
				726310EA1B4DBADA00BDBB8F /* OpenMotionClassifier-Bridging-Header.h */,
			);
			path = OpenMotionClassifier;
			sourceTree = "<group>";
		};
		726310A51B4DB9FB00BDBB8F /* OpenMotionClassifierTests */ = {
			isa = PBXGroup;
			children = (
				726310A61B4DB9FB00BDBB8F /* OpenMotionClassifierTests.swift */,
				726310A81B4DB9FB00BDBB8F /* Info.plist */,
			);
			path = OpenMotionClassifierTests;
			sourceTree = "<group>";
		};
		726310B01B4DB9FB00BDBB8F /* OpenMotionClassifierUITests */ = {
			isa = PBXGroup;
			children = (
				726310B11B4DB9FB00BDBB8F /* OpenMotionClassifierUITests.swift */,
				726310B31B4DB9FB00BDBB8F /* Info.plist */,
			);
			path = OpenMotionClassifierUITests;
			sourceTree = "<group>";
		};
		726310BA1B4DB9FB00BDBB8F /* OpenMotionClassifier WatchKit App */ = {
			isa = PBXGroup;
			children = (
				726310BB1B4DB9FB00BDBB8F /* Interface.storyboard */,
				726310BE1B4DB9FB00BDBB8F /* Assets.xcassets */,
				726310C01B4DB9FB00BDBB8F /* Info.plist */,
			);
			path = "OpenMotionClassifier WatchKit App";
			sourceTree = "<group>";
		};
		726310C91B4DB9FB00BDBB8F /* OpenMotionClassifier WatchKit Extension */ = {
			isa = PBXGroup;
			children = (
				726310E81B4DBA5400BDBB8F /* AccelerometerController.swift */,
				726310CC1B4DB9FB00BDBB8F /* InterfaceController.swift */,
				726310CE1B4DB9FB00BDBB8F /* ExtensionDelegate.swift */,
				726310D01B4DB9FB00BDBB8F /* NotificationController.swift */,
				726310D21B4DB9FB00BDBB8F /* Assets.xcassets */,
				726310D41B4DB9FB00BDBB8F /* Info.plist */,
				726310CA1B4DB9FB00BDBB8F /* Supporting Files */,
			);
			path = "OpenMotionClassifier WatchKit Extension";
			sourceTree = "<group>";
		};
		726310CA1B4DB9FB00BDBB8F /* Supporting Files */ = {
			isa = PBXGroup;
			children = (
				726310CB1B4DB9FB00BDBB8F /* PushNotificationPayload.apns */,
			);
			name = "Supporting Files";
			sourceTree = "<group>";
		};
/* End PBXGroup section */

/* Begin PBXNativeTarget section */
		7263108D1B4DB9FB00BDBB8F /* OpenMotionClassifier */ = {
			isa = PBXNativeTarget;
			buildConfigurationList = 726310DF1B4DB9FB00BDBB8F /* Build configuration list for PBXNativeTarget "OpenMotionClassifier" */;
			buildPhases = (
				7263108A1B4DB9FB00BDBB8F /* Sources */,
				7263108B1B4DB9FB00BDBB8F /* Frameworks */,
				7263108C1B4DB9FB00BDBB8F /* Resources */,
				726310DE1B4DB9FB00BDBB8F /* Embed Watch Content */,
			);
			buildRules = (
			);
			dependencies = (
				726310B91B4DB9FB00BDBB8F /* PBXTargetDependency */,
			);
			name = OpenMotionClassifier;
			productName = OpenMotionClassifier;
			productReference = 7263108E1B4DB9FB00BDBB8F /* OpenMotionClassifier.app */;
			productType = "com.apple.product-type.application";
		};
		726310A11B4DB9FB00BDBB8F /* OpenMotionClassifierTests */ = {
			isa = PBXNativeTarget;
			buildConfigurationList = 726310E21B4DB9FB00BDBB8F /* Build configuration list for PBXNativeTarget "OpenMotionClassifierTests" */;
			buildPhases = (
				7263109E1B4DB9FB00BDBB8F /* Sources */,
				7263109F1B4DB9FB00BDBB8F /* Frameworks */,
				726310A01B4DB9FB00BDBB8F /* Resources */,
			);
			buildRules = (
			);
			dependencies = (
				726310A41B4DB9FB00BDBB8F /* PBXTargetDependency */,
			);
			name = OpenMotionClassifierTests;
			productName = OpenMotionClassifierTests;
			productReference = 726310A21B4DB9FB00BDBB8F /* OpenMotionClassifierTests.xctest */;
			productType = "com.apple.product-type.bundle.unit-test";
		};
		726310AC1B4DB9FB00BDBB8F /* OpenMotionClassifierUITests */ = {
			isa = PBXNativeTarget;
			buildConfigurationList = 726310E51B4DB9FB00BDBB8F /* Build configuration list for PBXNativeTarget "OpenMotionClassifierUITests" */;
			buildPhases = (
				726310A91B4DB9FB00BDBB8F /* Sources */,
				726310AA1B4DB9FB00BDBB8F /* Frameworks */,
				726310AB1B4DB9FB00BDBB8F /* Resources */,
			);
			buildRules = (
			);
			dependencies = (
				726310AF1B4DB9FB00BDBB8F /* PBXTargetDependency */,
			);
			name = OpenMotionClassifierUITests;
			productName = OpenMotionClassifierUITests;
			productReference = 726310AD1B4DB9FB00BDBB8F /* OpenMotionClassifierUITests.xctest */;
			productType = "com.apple.product-type.bundle.ui-testing";
		};
		726310B51B4DB9FB00BDBB8F /* OpenMotionClassifier WatchKit App */ = {
			isa = PBXNativeTarget;
			buildConfigurationList = 726310DB1B4DB9FB00BDBB8F /* Build configuration list for PBXNativeTarget "OpenMotionClassifier WatchKit App" */;
			buildPhases = (
				726310B41B4DB9FB00BDBB8F /* Resources */,
				726310DA1B4DB9FB00BDBB8F /* Embed App Extensions */,
			);
			buildRules = (
			);
			dependencies = (
				726310C81B4DB9FB00BDBB8F /* PBXTargetDependency */,
			);
			name = "OpenMotionClassifier WatchKit App";
			productName = "OpenMotionClassifier WatchKit App";
			productReference = 726310B61B4DB9FB00BDBB8F /* OpenMotionClassifier WatchKit App.app */;
			productType = "com.apple.product-type.application.watchapp2";
		};
		726310C41B4DB9FB00BDBB8F /* OpenMotionClassifier WatchKit Extension */ = {
			isa = PBXNativeTarget;
			buildConfigurationList = 726310D71B4DB9FB00BDBB8F /* Build configuration list for PBXNativeTarget "OpenMotionClassifier WatchKit Extension" */;
			buildPhases = (
				726310C11B4DB9FB00BDBB8F /* Sources */,
				726310C21B4DB9FB00BDBB8F /* Frameworks */,
				726310C31B4DB9FB00BDBB8F /* Resources */,
			);
			buildRules = (
			);
			dependencies = (
			);
			name = "OpenMotionClassifier WatchKit Extension";
			productName = "OpenMotionClassifier WatchKit Extension";
			productReference = 726310C51B4DB9FB00BDBB8F /* OpenMotionClassifier WatchKit Extension.appex */;
			productType = "com.apple.product-type.watchkit2-extension";
		};
/* End PBXNativeTarget section */

/* Begin PBXProject section */
		726310861B4DB9FB00BDBB8F /* Project object */ = {
			isa = PBXProject;
			attributes = {
				LastSwiftUpdateCheck = 0700;
				LastUpgradeCheck = 0700;
				ORGANIZATIONNAME = salsicha;
				TargetAttributes = {
					7263108D1B4DB9FB00BDBB8F = {
						CreatedOnToolsVersion = 7.0;
					};
					726310A11B4DB9FB00BDBB8F = {
						CreatedOnToolsVersion = 7.0;
						TestTargetID = 7263108D1B4DB9FB00BDBB8F;
					};
					726310AC1B4DB9FB00BDBB8F = {
						CreatedOnToolsVersion = 7.0;
						TestTargetID = 7263108D1B4DB9FB00BDBB8F;
					};
					726310B51B4DB9FB00BDBB8F = {
						CreatedOnToolsVersion = 7.0;
					};
					726310C41B4DB9FB00BDBB8F = {
						CreatedOnToolsVersion = 7.0;
					};
				};
			};
			buildConfigurationList = 726310891B4DB9FB00BDBB8F /* Build configuration list for PBXProject "OpenMotionClassifier" */;
			compatibilityVersion = "Xcode 3.2";
			developmentRegion = English;
			hasScannedForEncodings = 0;
			knownRegions = (
				en,
				Base,
			);
			mainGroup = 726310851B4DB9FB00BDBB8F;
			productRefGroup = 7263108F1B4DB9FB00BDBB8F /* Products */;
			projectDirPath = "";
			projectRoot = "";
			targets = (
				7263108D1B4DB9FB00BDBB8F /* OpenMotionClassifier */,
				726310A11B4DB9FB00BDBB8F /* OpenMotionClassifierTests */,
				726310AC1B4DB9FB00BDBB8F /* OpenMotionClassifierUITests */,
				726310B51B4DB9FB00BDBB8F /* OpenMotionClassifier WatchKit App */,
				726310C41B4DB9FB00BDBB8F /* OpenMotionClassifier WatchKit Extension */,
			);
		};
/* End PBXProject section */

/* Begin PBXResourcesBuildPhase section */
		7263108C1B4DB9FB00BDBB8F /* Resources */ = {
			isa = PBXResourcesBuildPhase;
			buildActionMask = 2147483647;
			files = (
				7263109C1B4DB9FB00BDBB8F /* LaunchScreen.storyboard in Resources */,
				726310991B4DB9FB00BDBB8F /* Assets.xcassets in Resources */,
				726310971B4DB9FB00BDBB8F /* Main.storyboard in Resources */,
			);
			runOnlyForDeploymentPostprocessing = 0;
		};
		726310A01B4DB9FB00BDBB8F /* Resources */ = {
			isa = PBXResourcesBuildPhase;
			buildActionMask = 2147483647;
			files = (
			);
			runOnlyForDeploymentPostprocessing = 0;
		};
		726310AB1B4DB9FB00BDBB8F /* Resources */ = {
			isa = PBXResourcesBuildPhase;
			buildActionMask = 2147483647;
			files = (
			);
			runOnlyForDeploymentPostprocessing = 0;
		};
		726310B41B4DB9FB00BDBB8F /* Resources */ = {
			isa = PBXResourcesBuildPhase;
			buildActionMask = 2147483647;
			files = (
				726310BF1B4DB9FB00BDBB8F /* Assets.xcassets in Resources */,
				726310BD1B4DB9FB00BDBB8F /* Interface.storyboard in Resources */,
			);
			runOnlyForDeploymentPostprocessing = 0;
		};
		726310C31B4DB9FB00BDBB8F /* Resources */ = {
			isa = PBXResourcesBuildPhase;
			buildActionMask = 2147483647;
			files = (
				726310D31B4DB9FB00BDBB8F /* Assets.xcassets in Resources */,
			);
			runOnlyForDeploymentPostprocessing = 0;
		};
/* End PBXResourcesBuildPhase section */

/* Begin PBXSourcesBuildPhase section */
		7263108A1B4DB9FB00BDBB8F /* Sources */ = {
			isa = PBXSourcesBuildPhase;
			buildActionMask = 2147483647;
			files = (
				726310ED1B4DBADB00BDBB8F /* Torch.m in Sources */,
				726310941B4DB9FB00BDBB8F /* ViewController.swift in Sources */,
				726310921B4DB9FB00BDBB8F /* AppDelegate.swift in Sources */,
			);
			runOnlyForDeploymentPostprocessing = 0;
		};
		7263109E1B4DB9FB00BDBB8F /* Sources */ = {
			isa = PBXSourcesBuildPhase;
			buildActionMask = 2147483647;
			files = (
				726310A71B4DB9FB00BDBB8F /* OpenMotionClassifierTests.swift in Sources */,
			);
			runOnlyForDeploymentPostprocessing = 0;
		};
		726310A91B4DB9FB00BDBB8F /* Sources */ = {
			isa = PBXSourcesBuildPhase;
			buildActionMask = 2147483647;
			files = (
				726310B21B4DB9FB00BDBB8F /* OpenMotionClassifierUITests.swift in Sources */,
			);
			runOnlyForDeploymentPostprocessing = 0;
		};
		726310C11B4DB9FB00BDBB8F /* Sources */ = {
			isa = PBXSourcesBuildPhase;
			buildActionMask = 2147483647;
			files = (
				726310D11B4DB9FB00BDBB8F /* NotificationController.swift in Sources */,
				726310CF1B4DB9FB00BDBB8F /* ExtensionDelegate.swift in Sources */,
				726310CD1B4DB9FB00BDBB8F /* InterfaceController.swift in Sources */,
				726310E91B4DBA5400BDBB8F /* AccelerometerController.swift in Sources */,
			);
			runOnlyForDeploymentPostprocessing = 0;
		};
/* End PBXSourcesBuildPhase section */

/* Begin PBXTargetDependency section */
		726310A41B4DB9FB00BDBB8F /* PBXTargetDependency */ = {
			isa = PBXTargetDependency;
			target = 7263108D1B4DB9FB00BDBB8F /* OpenMotionClassifier */;
			targetProxy = 726310A31B4DB9FB00BDBB8F /* PBXContainerItemProxy */;
		};
		726310AF1B4DB9FB00BDBB8F /* PBXTargetDependency */ = {
			isa = PBXTargetDependency;
			target = 7263108D1B4DB9FB00BDBB8F /* OpenMotionClassifier */;
			targetProxy = 726310AE1B4DB9FB00BDBB8F /* PBXContainerItemProxy */;
		};
		726310B91B4DB9FB00BDBB8F /* PBXTargetDependency */ = {
			isa = PBXTargetDependency;
			target = 726310B51B4DB9FB00BDBB8F /* OpenMotionClassifier WatchKit App */;
			targetProxy = 726310B81B4DB9FB00BDBB8F /* PBXContainerItemProxy */;
		};
		726310C81B4DB9FB00BDBB8F /* PBXTargetDependency */ = {
			isa = PBXTargetDependency;
			target = 726310C41B4DB9FB00BDBB8F /* OpenMotionClassifier WatchKit Extension */;
			targetProxy = 726310C71B4DB9FB00BDBB8F /* PBXContainerItemProxy */;
		};
/* End PBXTargetDependency section */

/* Begin PBXVariantGroup section */
		726310951B4DB9FB00BDBB8F /* Main.storyboard */ = {
			isa = PBXVariantGroup;
			children = (
				726310961B4DB9FB00BDBB8F /* Base */,
			);
			name = Main.storyboard;
			sourceTree = "<group>";
		};
		7263109A1B4DB9FB00BDBB8F /* LaunchScreen.storyboard */ = {
			isa = PBXVariantGroup;
			children = (
				7263109B1B4DB9FB00BDBB8F /* Base */,
			);
			name = LaunchScreen.storyboard;
			sourceTree = "<group>";
		};
		726310BB1B4DB9FB00BDBB8F /* Interface.storyboard */ = {
			isa = PBXVariantGroup;
			children = (
				726310BC1B4DB9FB00BDBB8F /* Base */,
			);
			name = Interface.storyboard;
			sourceTree = "<group>";
		};
/* End PBXVariantGroup section */

/* Begin XCBuildConfiguration section */
		726310D51B4DB9FB00BDBB8F /* Debug */ = {
			isa = XCBuildConfiguration;
			buildSettings = {
				ALWAYS_SEARCH_USER_PATHS = NO;
				CLANG_CXX_LANGUAGE_STANDARD = "gnu++0x";
				CLANG_CXX_LIBRARY = "libc++";
				CLANG_ENABLE_MODULES = YES;
				CLANG_ENABLE_OBJC_ARC = YES;
				CLANG_WARN_BOOL_CONVERSION = YES;
				CLANG_WARN_CONSTANT_CONVERSION = YES;
				CLANG_WARN_DIRECT_OBJC_ISA_USAGE = YES_ERROR;
				CLANG_WARN_EMPTY_BODY = YES;
				CLANG_WARN_ENUM_CONVERSION = YES;
				CLANG_WARN_INT_CONVERSION = YES;
				CLANG_WARN_OBJC_ROOT_CLASS = YES_ERROR;
				CLANG_WARN_UNREACHABLE_CODE = YES;
				CLANG_WARN__DUPLICATE_METHOD_MATCH = YES;
				"CODE_SIGN_IDENTITY[sdk=iphoneos*]" = "iPhone Developer";
				COPY_PHASE_STRIP = NO;
				DEBUG_INFORMATION_FORMAT = dwarf;
				ENABLE_STRICT_OBJC_MSGSEND = YES;
				ENABLE_TESTABILITY = YES;
				GCC_C_LANGUAGE_STANDARD = gnu99;
				GCC_DYNAMIC_NO_PIC = NO;
				GCC_NO_COMMON_BLOCKS = YES;
				GCC_OPTIMIZATION_LEVEL = 0;
				GCC_PREPROCESSOR_DEFINITIONS = (
					"DEBUG=1",
					"$(inherited)",
				);
				GCC_WARN_64_TO_32_BIT_CONVERSION = YES;
				GCC_WARN_ABOUT_RETURN_TYPE = YES_ERROR;
				GCC_WARN_UNDECLARED_SELECTOR = YES;
				GCC_WARN_UNINITIALIZED_AUTOS = YES_AGGRESSIVE;
				GCC_WARN_UNUSED_FUNCTION = YES;
				GCC_WARN_UNUSED_VARIABLE = YES;
				IPHONEOS_DEPLOYMENT_TARGET = 9.0;
				MTL_ENABLE_DEBUG_INFO = YES;
				ONLY_ACTIVE_ARCH = YES;
				SDKROOT = iphoneos;
				SWIFT_OPTIMIZATION_LEVEL = "-Onone";
				TARGETED_DEVICE_FAMILY = "1,2";
			};
			name = Debug;
		};
		726310D61B4DB9FB00BDBB8F /* Release */ = {
			isa = XCBuildConfiguration;
			buildSettings = {
				ALWAYS_SEARCH_USER_PATHS = NO;
				CLANG_CXX_LANGUAGE_STANDARD = "gnu++0x";
				CLANG_CXX_LIBRARY = "libc++";
				CLANG_ENABLE_MODULES = YES;
				CLANG_ENABLE_OBJC_ARC = YES;
				CLANG_WARN_BOOL_CONVERSION = YES;
				CLANG_WARN_CONSTANT_CONVERSION = YES;
				CLANG_WARN_DIRECT_OBJC_ISA_USAGE = YES_ERROR;
				CLANG_WARN_EMPTY_BODY = YES;
				CLANG_WARN_ENUM_CONVERSION = YES;
				CLANG_WARN_INT_CONVERSION = YES;
				CLANG_WARN_OBJC_ROOT_CLASS = YES_ERROR;
				CLANG_WARN_UNREACHABLE_CODE = YES;
				CLANG_WARN__DUPLICATE_METHOD_MATCH = YES;
				"CODE_SIGN_IDENTITY[sdk=iphoneos*]" = "iPhone Developer";
				COPY_PHASE_STRIP = NO;
				DEBUG_INFORMATION_FORMAT = "dwarf-with-dsym";
				ENABLE_NS_ASSERTIONS = NO;
				ENABLE_STRICT_OBJC_MSGSEND = YES;
				GCC_C_LANGUAGE_STANDARD = gnu99;
				GCC_NO_COMMON_BLOCKS = YES;
				GCC_WARN_64_TO_32_BIT_CONVERSION = YES;
				GCC_WARN_ABOUT_RETURN_TYPE = YES_ERROR;
				GCC_WARN_UNDECLARED_SELECTOR = YES;
				GCC_WARN_UNINITIALIZED_AUTOS = YES_AGGRESSIVE;
				GCC_WARN_UNUSED_FUNCTION = YES;
				GCC_WARN_UNUSED_VARIABLE = YES;
				IPHONEOS_DEPLOYMENT_TARGET = 9.0;
				MTL_ENABLE_DEBUG_INFO = NO;
				SDKROOT = iphoneos;
				TARGETED_DEVICE_FAMILY = "1,2";
				VALIDATE_PRODUCT = YES;
			};
			name = Release;
		};
		726310D81B4DB9FB00BDBB8F /* Debug */ = {
			isa = XCBuildConfiguration;
			buildSettings = {
				"CODE_SIGN_IDENTITY[sdk=watchos*]" = "iPhone Developer";
				INFOPLIST_FILE = "OpenMotionClassifier WatchKit Extension/Info.plist";
				LD_RUNPATH_SEARCH_PATHS = "$(inherited) @executable_path/Frameworks @executable_path/../../Frameworks";
				PRODUCT_BUNDLE_IDENTIFIER = salsicha.OpenMotionClassifier.watchkitapp.watchkitextension;
				PRODUCT_NAME = "${TARGET_NAME}";
				SDKROOT = watchos;
				SKIP_INSTALL = YES;
				TARGETED_DEVICE_FAMILY = 4;
				WATCHOS_DEPLOYMENT_TARGET = 2.0;
			};
			name = Debug;
		};
		726310D91B4DB9FB00BDBB8F /* Release */ = {
			isa = XCBuildConfiguration;
			buildSettings = {
				"CODE_SIGN_IDENTITY[sdk=watchos*]" = "iPhone Developer";
				INFOPLIST_FILE = "OpenMotionClassifier WatchKit Extension/Info.plist";
				LD_RUNPATH_SEARCH_PATHS = "$(inherited) @executable_path/Frameworks @executable_path/../../Frameworks";
				PRODUCT_BUNDLE_IDENTIFIER = salsicha.OpenMotionClassifier.watchkitapp.watchkitextension;
				PRODUCT_NAME = "${TARGET_NAME}";
				SDKROOT = watchos;
				SKIP_INSTALL = YES;
				TARGETED_DEVICE_FAMILY = 4;
				WATCHOS_DEPLOYMENT_TARGET = 2.0;
			};
			name = Release;
		};
		726310DC1B4DB9FB00BDBB8F /* Debug */ = {
			isa = XCBuildConfiguration;
			buildSettings = {
				ASSETCATALOG_COMPILER_APPICON_NAME = AppIcon;
				"CODE_SIGN_IDENTITY[sdk=watchos*]" = "iPhone Developer";
				EMBEDDED_CONTENT_CONTAINS_SWIFT = YES;
				IBSC_MODULE = OpenMotionClassifier_WatchKit_Extension;
				INFOPLIST_FILE = "OpenMotionClassifier WatchKit App/Info.plist";
				PRODUCT_BUNDLE_IDENTIFIER = salsicha.OpenMotionClassifier.watchkitapp;
				PRODUCT_NAME = "$(TARGET_NAME)";
				SDKROOT = watchos;
				SKIP_INSTALL = YES;
				TARGETED_DEVICE_FAMILY = 4;
				WATCHOS_DEPLOYMENT_TARGET = 2.0;
			};
			name = Debug;
		};
		726310DD1B4DB9FB00BDBB8F /* Release */ = {
			isa = XCBuildConfiguration;
			buildSettings = {
				ASSETCATALOG_COMPILER_APPICON_NAME = AppIcon;
				"CODE_SIGN_IDENTITY[sdk=watchos*]" = "iPhone Developer";
				EMBEDDED_CONTENT_CONTAINS_SWIFT = YES;
				IBSC_MODULE = OpenMotionClassifier_WatchKit_Extension;
				INFOPLIST_FILE = "OpenMotionClassifier WatchKit App/Info.plist";
				PRODUCT_BUNDLE_IDENTIFIER = salsicha.OpenMotionClassifier.watchkitapp;
				PRODUCT_NAME = "$(TARGET_NAME)";
				SDKROOT = watchos;
				SKIP_INSTALL = YES;
				TARGETED_DEVICE_FAMILY = 4;
				WATCHOS_DEPLOYMENT_TARGET = 2.0;
			};
			name = Release;
		};
		726310E01B4DB9FB00BDBB8F /* Debug */ = {
			isa = XCBuildConfiguration;
			buildSettings = {
				ASSETCATALOG_COMPILER_APPICON_NAME = AppIcon;
				CLANG_ENABLE_MODULES = YES;
				FRAMEWORK_SEARCH_PATHS = (
					"$(PROJECT_DIR)/",
					"$(PROJECT_DIR)/OpenMotionClassifier/",
				);
				INFOPLIST_FILE = OpenMotionClassifier/Info.plist;
				LD_RUNPATH_SEARCH_PATHS = "$(inherited) @executable_path/Frameworks";
				PRODUCT_BUNDLE_IDENTIFIER = salsicha.OpenMotionClassifier;
				PRODUCT_NAME = "$(TARGET_NAME)";
				SWIFT_OBJC_BRIDGING_HEADER = "OpenMotionClassifier/OpenMotionClassifier-Bridging-Header.h";
				SWIFT_OPTIMIZATION_LEVEL = "-Onone";
			};
			name = Debug;
		};
		726310E11B4DB9FB00BDBB8F /* Release */ = {
			isa = XCBuildConfiguration;
			buildSettings = {
				ASSETCATALOG_COMPILER_APPICON_NAME = AppIcon;
				CLANG_ENABLE_MODULES = YES;
				FRAMEWORK_SEARCH_PATHS = (
					"$(PROJECT_DIR)/",
					"$(PROJECT_DIR)/OpenMotionClassifier/",
				);
				INFOPLIST_FILE = OpenMotionClassifier/Info.plist;
				LD_RUNPATH_SEARCH_PATHS = "$(inherited) @executable_path/Frameworks";
				PRODUCT_BUNDLE_IDENTIFIER = salsicha.OpenMotionClassifier;
				PRODUCT_NAME = "$(TARGET_NAME)";
				SWIFT_OBJC_BRIDGING_HEADER = "OpenMotionClassifier/OpenMotionClassifier-Bridging-Header.h";
			};
			name = Release;
		};
		726310E31B4DB9FB00BDBB8F /* Debug */ = {
			isa = XCBuildConfiguration;
			buildSettings = {
				BUNDLE_LOADER = "$(TEST_HOST)";
				INFOPLIST_FILE = OpenMotionClassifierTests/Info.plist;
				LD_RUNPATH_SEARCH_PATHS = "$(inherited) @executable_path/Frameworks @loader_path/Frameworks";
				PRODUCT_BUNDLE_IDENTIFIER = salsicha.OpenMotionClassifierTests;
				PRODUCT_NAME = "$(TARGET_NAME)";
				TEST_HOST = "$(BUILT_PRODUCTS_DIR)/OpenMotionClassifier.app/OpenMotionClassifier";
			};
			name = Debug;
		};
		726310E41B4DB9FB00BDBB8F /* Release */ = {
			isa = XCBuildConfiguration;
			buildSettings = {
				BUNDLE_LOADER = "$(TEST_HOST)";
				INFOPLIST_FILE = OpenMotionClassifierTests/Info.plist;
				LD_RUNPATH_SEARCH_PATHS = "$(inherited) @executable_path/Frameworks @loader_path/Frameworks";
				PRODUCT_BUNDLE_IDENTIFIER = salsicha.OpenMotionClassifierTests;
				PRODUCT_NAME = "$(TARGET_NAME)";
				TEST_HOST = "$(BUILT_PRODUCTS_DIR)/OpenMotionClassifier.app/OpenMotionClassifier";
			};
			name = Release;
		};
		726310E61B4DB9FB00BDBB8F /* Debug */ = {
			isa = XCBuildConfiguration;
			buildSettings = {
				INFOPLIST_FILE = OpenMotionClassifierUITests/Info.plist;
				LD_RUNPATH_SEARCH_PATHS = "$(inherited) @executable_path/Frameworks @loader_path/Frameworks";
				PRODUCT_BUNDLE_IDENTIFIER = salsicha.OpenMotionClassifierUITests;
				PRODUCT_NAME = "$(TARGET_NAME)";
				TEST_TARGET_NAME = OpenMotionClassifier;
				USES_XCTRUNNER = YES;
			};
			name = Debug;
		};
		726310E71B4DB9FB00BDBB8F /* Release */ = {
			isa = XCBuildConfiguration;
			buildSettings = {
				INFOPLIST_FILE = OpenMotionClassifierUITests/Info.plist;
				LD_RUNPATH_SEARCH_PATHS = "$(inherited) @executable_path/Frameworks @loader_path/Frameworks";
				PRODUCT_BUNDLE_IDENTIFIER = salsicha.OpenMotionClassifierUITests;
				PRODUCT_NAME = "$(TARGET_NAME)";
				TEST_TARGET_NAME = OpenMotionClassifier;
				USES_XCTRUNNER = YES;
			};
			name = Release;
		};
/* End XCBuildConfiguration section */

/* Begin XCConfigurationList section */
		726310891B4DB9FB00BDBB8F /* Build configuration list for PBXProject "OpenMotionClassifier" */ = {
			isa = XCConfigurationList;
			buildConfigurations = (
				726310D51B4DB9FB00BDBB8F /* Debug */,
				726310D61B4DB9FB00BDBB8F /* Release */,
			);
			defaultConfigurationIsVisible = 0;
			defaultConfigurationName = Release;
		};
		726310D71B4DB9FB00BDBB8F /* Build configuration list for PBXNativeTarget "OpenMotionClassifier WatchKit Extension" */ = {
			isa = XCConfigurationList;
			buildConfigurations = (
				726310D81B4DB9FB00BDBB8F /* Debug */,
				726310D91B4DB9FB00BDBB8F /* Release */,
			);
			defaultConfigurationIsVisible = 0;
			defaultConfigurationName = Release;
		};
		726310DB1B4DB9FB00BDBB8F /* Build configuration list for PBXNativeTarget "OpenMotionClassifier WatchKit App" */ = {
			isa = XCConfigurationList;
			buildConfigurations = (
				726310DC1B4DB9FB00BDBB8F /* Debug */,
				726310DD1B4DB9FB00BDBB8F /* Release */,
			);
			defaultConfigurationIsVisible = 0;
			defaultConfigurationName = Release;
		};
		726310DF1B4DB9FB00BDBB8F /* Build configuration list for PBXNativeTarget "OpenMotionClassifier" */ = {
			isa = XCConfigurationList;
			buildConfigurations = (
				726310E01B4DB9FB00BDBB8F /* Debug */,
				726310E11B4DB9FB00BDBB8F /* Release */,
			);
			defaultConfigurationIsVisible = 0;
			defaultConfigurationName = Release;
		};
		726310E21B4DB9FB00BDBB8F /* Build configuration list for PBXNativeTarget "OpenMotionClassifierTests" */ = {
			isa = XCConfigurationList;
			buildConfigurations = (
				726310E31B4DB9FB00BDBB8F /* Debug */,
				726310E41B4DB9FB00BDBB8F /* Release */,
			);
			defaultConfigurationIsVisible = 0;
			defaultConfigurationName = Release;
		};
		726310E51B4DB9FB00BDBB8F /* Build configuration list for PBXNativeTarget "OpenMotionClassifierUITests" */ = {
			isa = XCConfigurationList;
			buildConfigurations = (
				726310E61B4DB9FB00BDBB8F /* Debug */,
				726310E71B4DB9FB00BDBB8F /* Release */,
			);
			defaultConfigurationIsVisible = 0;
			defaultConfigurationName = Release;
		};
/* End XCConfigurationList section */
	};
	rootObject = 726310861B4DB9FB00BDBB8F /* Project object */;
}
